
Microsoft Visual Studio Solution File, Format Version 12.00
# Visual Studio Version 17
VisualStudioVersion = 17.6.33829.357
MinimumVisualStudioVersion = 10.0.40219.1
Project("{FAE04EC0-301F-11D3-BF4B-00C04F79EFBC}") = "MusicaNPN", "MusicaNPN\MusicaNPN.csproj", "{27A005F4-9489-4A15-80E1-36A076AAAC92}"
EndProject
Global
	GlobalSection(SolutionConfigurationPlatforms) = preSolution
		Debug|Any CPU = Debug|Any CPU
		Release|Any CPU = Release|Any CPU
	EndGlobalSection
	GlobalSection(ProjectConfigurationPlatforms) = postSolution
		{27A005F4-9489-4A15-80E1-36A076AAAC92}.Debug|Any CPU.ActiveCfg = Debug|Any CPU
		{27A005F4-9489-4A15-80E1-36A076AAAC92}.Debug|Any CPU.Build.0 = Debug|Any CPU
		{27A005F4-9489-4A15-80E1-36A076AAAC92}.Release|Any CPU.ActiveCfg = Release|Any CPU
		{27A005F4-9489-4A15-80E1-36A076AAAC92}.Release|Any CPU.Build.0 = Release|Any CPU
	EndGlobalSection
	GlobalSection(SolutionProperties) = preSolution
		HideSolutionNode = FALSE
	EndGlobalSection
	GlobalSection(ExtensibilityGlobals) = postSolution
		SolutionGuid = {41C6FA73-204E-4401-901E-11BB92F885D7}
	EndGlobalSection
EndGlobal
