
Microsoft Visual Studio Solution File, Format Version 12.00
# Visual Studio Version 17
VisualStudioVersion = 17.6.33829.357
MinimumVisualStudioVersion = 10.0.40219.1
Project("{FAE04EC0-301F-11D3-BF4B-00C04F79EFBC}") = "AulaWebAPI", "AulaWebAPI\AulaWebAPI.csproj", "{C0604E04-E572-4A4F-BBAD-813DF14DA1EF}"
EndProject
Global
	GlobalSection(SolutionConfigurationPlatforms) = preSolution
		Debug|Any CPU = Debug|Any CPU
		Release|Any CPU = Release|Any CPU
	EndGlobalSection
	GlobalSection(ProjectConfigurationPlatforms) = postSolution
		{C0604E04-E572-4A4F-BBAD-813DF14DA1EF}.Debug|Any CPU.ActiveCfg = Debug|Any CPU
		{C0604E04-E572-4A4F-BBAD-813DF14DA1EF}.Debug|Any CPU.Build.0 = Debug|Any CPU
		{C0604E04-E572-4A4F-BBAD-813DF14DA1EF}.Release|Any CPU.ActiveCfg = Release|Any CPU
		{C0604E04-E572-4A4F-BBAD-813DF14DA1EF}.Release|Any CPU.Build.0 = Release|Any CPU
	EndGlobalSection
	GlobalSection(SolutionProperties) = preSolution
		HideSolutionNode = FALSE
	EndGlobalSection
	GlobalSection(ExtensibilityGlobals) = postSolution
		SolutionGuid = {C8B0CD23-304D-4768-BB06-ED3DC2E9D1FB}
	EndGlobalSection
EndGlobal
